
Microsoft Visual Studio Solution File, Format Version 12.00
# Visual Studio Version 16
VisualStudioVersion = 16.0.32002.261
MinimumVisualStudioVersion = 10.0.40219.1
Project("{FAE04EC0-301F-11D3-BF4B-00C04F79EFBC}") = "Robert Dickerson - AppointmentScheduler", "Robert Dickerson - InventorySystem\Robert Dickerson - AppointmentScheduler.csproj", "{C20B00D4-9894-4F9C-B08B-99A2A0D53295}"
EndProject
Global
	GlobalSection(SolutionConfigurationPlatforms) = preSolution
		Debug|Any CPU = Debug|Any CPU
		Release|Any CPU = Release|Any CPU
	EndGlobalSection
	GlobalSection(ProjectConfigurationPlatforms) = postSolution
		{C20B00D4-9894-4F9C-B08B-99A2A0D53295}.Debug|Any CPU.ActiveCfg = Debug|Any CPU
		{C20B00D4-9894-4F9C-B08B-99A2A0D53295}.Debug|Any CPU.Build.0 = Debug|Any CPU
		{C20B00D4-9894-4F9C-B08B-99A2A0D53295}.Release|Any CPU.ActiveCfg = Release|Any CPU
		{C20B00D4-9894-4F9C-B08B-99A2A0D53295}.Release|Any CPU.Build.0 = Release|Any CPU
	EndGlobalSection
	GlobalSection(SolutionProperties) = preSolution
		HideSolutionNode = FALSE
	EndGlobalSection
	GlobalSection(ExtensibilityGlobals) = postSolution
		SolutionGuid = {924AABBB-6A08-4778-A440-35F24760108A}
	EndGlobalSection
EndGlobal
